dependencies:
  '@material-ui/core': 4.11.4
  '@material-ui/icons': 4.11.2_@material-ui+core@4.11.4
lockfileVersion: 5.2
packages:
  /@babel/runtime/7.14.0:
    dependencies:
      regenerator-runtime: 0.13.7
    dev: false
    resolution:
      integrity: sha512-JELkvo/DlpNdJ7dlyw/eY7E0suy5i5GQH+Vlxaq1nsNJ+H7f4Vtv3jMeCEgRhZZQFXTjldYfQgv2qmM6M1v5wA==
  /@emotion/hash/0.8.0:
    dev: false
    resolution:
      integrity: sha512-kBJtf7PH6aWwZ6fka3zQ0p6SBYzx4fl1LoZXE2RrnYST9Xljm7WfKJrU4g/Xr3Beg72MLrp1AWNUmuYJTL7Cow==
  /@material-ui/core/4.11.4:
    dependencies:
      '@babel/runtime': 7.14.0
      '@material-ui/styles': 4.11.4
      '@material-ui/system': 4.11.3
      '@material-ui/types': 5.1.0
      '@material-ui/utils': 4.11.2
      '@types/react-transition-group': 4.4.1
      clsx: 1.1.1
      hoist-non-react-statics: 3.3.2
      popper.js: 1.16.1-lts
      prop-types: 15.7.2
      react-is: 17.0.2
      react-transition-group: 4.4.1
    dev: false
    engines:
      node: '>=8.0.0'
    peerDependencies:
      '@types/react': ^16.8.6 || ^17.0.0
      react: ^16.8.0 || ^17.0.0
      react-dom: ^16.8.0 || ^17.0.0
    peerDependenciesMeta:
      '@types/react':
        optional: true
    resolution:
      integrity: sha512-oqb+lJ2Dl9HXI9orc6/aN8ZIAMkeThufA5iZELf2LQeBn2NtjVilF5D2w7e9RpntAzDb4jK5DsVhkfOvFY/8fg==
  /@material-ui/icons/4.11.2_@material-ui+core@4.11.4:
    dependencies:
      '@babel/runtime': 7.14.0
      '@material-ui/core': 4.11.4
    dev: false
    engines:
      node: '>=8.0.0'
    peerDependencies:
      '@material-ui/core': ^4.0.0
      '@types/react': ^16.8.6 || ^17.0.0
      react: ^16.8.0 || ^17.0.0
      react-dom: ^16.8.0 || ^17.0.0
    peerDependenciesMeta:
      '@types/react':
        optional: true
    resolution:
      integrity: sha512-fQNsKX2TxBmqIGJCSi3tGTO/gZ+eJgWmMJkgDiOfyNaunNaxcklJQFaFogYcFl0qFuaEz1qaXYXboa/bUXVSOQ==
  /@material-ui/styles/4.11.4:
    dependencies:
      '@babel/runtime': 7.14.0
      '@emotion/hash': 0.8.0
      '@material-ui/types': 5.1.0
      '@material-ui/utils': 4.11.2
      clsx: 1.1.1
      csstype: 2.6.17
      hoist-non-react-statics: 3.3.2
      jss: 10.6.0
      jss-plugin-camel-case: 10.6.0
      jss-plugin-default-unit: 10.6.0
      jss-plugin-global: 10.6.0
      jss-plugin-nested: 10.6.0
      jss-plugin-props-sort: 10.6.0
      jss-plugin-rule-value-function: 10.6.0
      jss-plugin-vendor-prefixer: 10.6.0
      prop-types: 15.7.2
    dev: false
    engines:
      node: '>=8.0.0'
    peerDependencies:
      '@types/react': ^16.8.6 || ^17.0.0
      react: ^16.8.0 || ^17.0.0
      react-dom: ^16.8.0 || ^17.0.0
    peerDependenciesMeta:
      '@types/react':
        optional: true
    resolution:
      integrity: sha512-KNTIZcnj/zprG5LW0Sao7zw+yG3O35pviHzejMdcSGCdWbiO8qzRgOYL8JAxAsWBKOKYwVZxXtHWaB5T2Kvxew==
  /@material-ui/system/4.11.3:
    dependencies:
      '@babel/runtime': 7.14.0
      '@material-ui/utils': 4.11.2
      csstype: 2.6.17
      prop-types: 15.7.2
    dev: false
    engines:
      node: '>=8.0.0'
    peerDependencies:
      '@types/react': ^16.8.6 || ^17.0.0
      react: ^16.8.0 || ^17.0.0
      react-dom: ^16.8.0 || ^17.0.0
    peerDependenciesMeta:
      '@types/react':
        optional: true
    resolution:
      integrity: sha512-SY7otguNGol41Mu2Sg6KbBP1ZRFIbFLHGK81y4KYbsV2yIcaEPOmsCK6zwWlp+2yTV3J/VwT6oSBARtGIVdXPw==
  /@material-ui/types/5.1.0:
    dev: false
    peerDependencies:
      '@types/react': '*'
    peerDependenciesMeta:
      '@types/react':
        optional: true
    resolution:
      integrity: sha512-7cqRjrY50b8QzRSYyhSpx4WRw2YuO0KKIGQEVk5J8uoz2BanawykgZGoWEqKm7pVIbzFDN0SpPcVV4IhOFkl8A==
  /@material-ui/utils/4.11.2:
    dependencies:
      '@babel/runtime': 7.14.0
      prop-types: 15.7.2
      react-is: 17.0.2
    dev: false
    engines:
      node: '>=8.0.0'
    peerDependencies:
      react: ^16.8.0 || ^17.0.0
      react-dom: ^16.8.0 || ^17.0.0
    resolution:
      integrity: sha512-Uul8w38u+PICe2Fg2pDKCaIG7kOyhowZ9vjiC1FsVwPABTW8vPPKfF6OvxRq3IiBaI1faOJmgdvMG7rMJARBhA==
  /@types/prop-types/15.7.3:
    dev: false
    resolution:
      integrity: sha512-KfRL3PuHmqQLOG+2tGpRO26Ctg+Cq1E01D2DMriKEATHgWLfeNDmq9e29Q9WIky0dQ3NPkd1mzYH8Lm936Z9qw==
  /@types/react-transition-group/4.4.1:
    dependencies:
      '@types/react': 17.0.8
    dev: false
    resolution:
      integrity: sha512-vIo69qKKcYoJ8wKCJjwSgCTM+z3chw3g18dkrDfVX665tMH7tmbDxEAnPdey4gTlwZz5QuHGzd+hul0OVZDqqQ==
  /@types/react/17.0.8:
    dependencies:
      '@types/prop-types': 15.7.3
      '@types/scheduler': 0.16.1
      csstype: 3.0.8
    dev: false
    resolution:
      integrity: sha512-3sx4c0PbXujrYAKwXxNONXUtRp9C+hE2di0IuxFyf5BELD+B+AXL8G7QrmSKhVwKZDbv0igiAjQAMhXj8Yg3aw==
  /@types/scheduler/0.16.1:
    dev: false
    resolution:
      integrity: sha512-EaCxbanVeyxDRTQBkdLb3Bvl/HK7PBK6UJjsSixB0iHKoWxE5uu2Q/DgtpOhPIojN0Zl1whvOd7PoHs2P0s5eA==
  /clsx/1.1.1:
    dev: false
    engines:
      node: '>=6'
    resolution:
      integrity: sha512-6/bPho624p3S2pMyvP5kKBPXnI3ufHLObBFCfgx+LkeR5lg2XYy2hqZqUf45ypD8COn2bhgGJSUE+l5dhNBieA==
  /css-vendor/2.0.8:
    dependencies:
      '@babel/runtime': 7.14.0
      is-in-browser: 1.1.3
    dev: false
    resolution:
      integrity: sha512-x9Aq0XTInxrkuFeHKbYC7zWY8ai7qJ04Kxd9MnvbC1uO5DagxoHQjm4JvG+vCdXOoFtCjbL2XSZfxmoYa9uQVQ==
  /csstype/2.6.17:
    dev: false
    resolution:
      integrity: sha512-u1wmTI1jJGzCJzWndZo8mk4wnPTZd1eOIYTYvuEyOQGfmDl3TrabCCfKnOC86FZwW/9djqTl933UF/cS425i9A==
  /csstype/3.0.8:
    dev: false
    resolution:
      integrity: sha512-jXKhWqXPmlUeoQnF/EhTtTl4C9SnrxSH/jZUih3jmO6lBKr99rP3/+FmrMj4EFpOXzMtXHAZkd3x0E6h6Fgflw==
  /dom-helpers/5.2.1:
    dependencies:
      '@babel/runtime': 7.14.0
      csstype: 3.0.8
    dev: false
    resolution:
      integrity: sha512-nRCa7CK3VTrM2NmGkIy4cbK7IZlgBE/PYMn55rrXefr5xXDP0LdtfPnblFDoVdcAfslJ7or6iqAUnx0CCGIWQA==
  /hoist-non-react-statics/3.3.2:
    dependencies:
      react-is: 16.13.1
    dev: false
    resolution:
      integrity: sha512-/gGivxi8JPKWNm/W0jSmzcMPpfpPLc3dY/6GxhX2hQ9iGj3aDfklV4ET7NjKpSinLpJ5vafa9iiGIEZg10SfBw==
  /hyphenate-style-name/1.0.4:
    dev: false
    resolution:
      integrity: sha512-ygGZLjmXfPHj+ZWh6LwbC37l43MhfztxetbFCoYTM2VjkIUpeHgSNn7QIyVFj7YQ1Wl9Cbw5sholVJPzWvC2MQ==
  /indefinite-observable/2.0.1:
    dependencies:
      symbol-observable: 1.2.0
    dev: false
    resolution:
      integrity: sha512-G8vgmork+6H9S8lUAg1gtXEj2JxIQTo0g2PbFiYOdjkziSI0F7UYBiVwhZRuixhBCNGczAls34+5HJPyZysvxQ==
  /is-in-browser/1.1.3:
    dev: false
    resolution:
      integrity: sha1-Vv9NtoOgeMYILrldrX3GLh0E+DU=
  /js-tokens/4.0.0:
    dev: false
    resolution:
      integrity: sha512-RdJUflcE3cUzKiMqQgsCu06FPu9UdIJO0beYbPhHN4k6apgJtifcoCtT9bcxOpYBtpD2kCM6Sbzg4CausW/PKQ==
  /jss-plugin-camel-case/10.6.0:
    dependencies:
      '@babel/runtime': 7.14.0
      hyphenate-style-name: 1.0.4
      jss: 10.6.0
    dev: false
    resolution:
      integrity: sha512-JdLpA3aI/npwj3nDMKk308pvnhoSzkW3PXlbgHAzfx0yHWnPPVUjPhXFtLJzgKZge8lsfkUxvYSQ3X2OYIFU6A==
  /jss-plugin-default-unit/10.6.0:
    dependencies:
      '@babel/runtime': 7.14.0
      jss: 10.6.0
    dev: false
    resolution:
      integrity: sha512-7y4cAScMHAxvslBK2JRK37ES9UT0YfTIXWgzUWD5euvR+JR3q+o8sQKzBw7GmkQRfZijrRJKNTiSt1PBsLI9/w==
  /jss-plugin-global/10.6.0:
    dependencies:
      '@babel/runtime': 7.14.0
      jss: 10.6.0
    dev: false
    resolution:
      integrity: sha512-I3w7ji/UXPi3VuWrTCbHG9rVCgB4yoBQLehGDTmsnDfXQb3r1l3WIdcO8JFp9m0YMmyy2CU7UOV6oPI7/Tmu+w==
  /jss-plugin-nested/10.6.0:
    dependencies:
      '@babel/runtime': 7.14.0
      jss: 10.6.0
      tiny-warning: 1.0.3
    dev: false
    resolution:
      integrity: sha512-fOFQWgd98H89E6aJSNkEh2fAXquC9aZcAVjSw4q4RoQ9gU++emg18encR4AT4OOIFl4lQwt5nEyBBRn9V1Rk8g==
  /jss-plugin-props-sort/10.6.0:
    dependencies:
      '@babel/runtime': 7.14.0
      jss: 10.6.0
    dev: false
    resolution:
      integrity: sha512-oMCe7hgho2FllNc60d9VAfdtMrZPo9n1Iu6RNa+3p9n0Bkvnv/XX5San8fTPujrTBScPqv9mOE0nWVvIaohNuw==
  /jss-plugin-rule-value-function/10.6.0:
    dependencies:
      '@babel/runtime': 7.14.0
      jss: 10.6.0
      tiny-warning: 1.0.3
    dev: false
    resolution:
      integrity: sha512-TKFqhRTDHN1QrPTMYRlIQUOC2FFQb271+AbnetURKlGvRl/eWLswcgHQajwuxI464uZk91sPiTtdGi7r7XaWfA==
  /jss-plugin-vendor-prefixer/10.6.0:
    dependencies:
      '@babel/runtime': 7.14.0
      css-vendor: 2.0.8
      jss: 10.6.0
    dev: false
    resolution:
      integrity: sha512-doJ7MouBXT1lypLLctCwb4nJ6lDYqrTfVS3LtXgox42Xz0gXusXIIDboeh6UwnSmox90QpVnub7au8ybrb0krQ==
  /jss/10.6.0:
    dependencies:
      '@babel/runtime': 7.14.0
      csstype: 3.0.8
      indefinite-observable: 2.0.1
      is-in-browser: 1.1.3
      tiny-warning: 1.0.3
    dev: false
    resolution:
      integrity: sha512-n7SHdCozmxnzYGXBHe0NsO0eUf9TvsHVq2MXvi4JmTn3x5raynodDVE/9VQmBdWFyyj9HpHZ2B4xNZ7MMy7lkw==
  /loose-envify/1.4.0:
    dependencies:
      js-tokens: 4.0.0
    dev: false
    hasBin: true
    resolution:
      integrity: sha512-lyuxPGr/Wfhrlem2CL/UcnUc1zcqKAImBDzukY7Y5F/yQiNdko6+fRLevlw1HgMySw7f611UIY408EtxRSoK3Q==
  /object-assign/4.1.1:
    dev: false
    engines:
      node: '>=0.10.0'
    resolution:
      integrity: sha1-IQmtx5ZYh8/AXLvUQsrIv7s2CGM=
  /popper.js/1.16.1-lts:
    dev: false
    resolution:
      integrity: sha512-Kjw8nKRl1m+VrSFCoVGPph93W/qrSO7ZkqPpTf7F4bk/sqcfWK019dWBUpE/fBOsOQY1dks/Bmcbfn1heM/IsA==
  /prop-types/15.7.2:
    dependencies:
      loose-envify: 1.4.0
      object-assign: 4.1.1
      react-is: 16.13.1
    dev: false
    resolution:
      integrity: sha512-8QQikdH7//R2vurIJSutZ1smHYTcLpRWEOlHnzcWHmBYrOGUysKwSsrC89BCiFj3CbrfJ/nXFdJepOVrY1GCHQ==
  /react-is/16.13.1:
    dev: false
    resolution:
      integrity: sha512-24e6ynE2H+OKt4kqsOvNd8kBpV65zoxbA4BVsEOB3ARVWQki/DHzaUoC5KuON/BiccDaCCTZBuOcfZs70kR8bQ==
  /react-is/17.0.2:
    dev: false
    resolution:
      integrity: sha512-w2GsyukL62IJnlaff/nRegPQR94C/XXamvMWmSHRJ4y7Ts/4ocGRmTHvOs8PSE6pB3dWOrD/nueuU5sduBsQ4w==
  /react-transition-group/4.4.1:
    dependencies:
      '@babel/runtime': 7.14.0
      dom-helpers: 5.2.1
      loose-envify: 1.4.0
      prop-types: 15.7.2
    dev: false
    peerDependencies:
      react: '>=16.6.0'
      react-dom: '>=16.6.0'
    resolution:
      integrity: sha512-Djqr7OQ2aPUiYurhPalTrVy9ddmFCCzwhqQmtN+J3+3DzLO209Fdr70QrN8Z3DsglWql6iY1lDWAfpFiBtuKGw==
  /regenerator-runtime/0.13.7:
    dev: false
    resolution:
      integrity: sha512-a54FxoJDIr27pgf7IgeQGxmqUNYrcV338lf/6gH456HZ/PhX+5BcwHXG9ajESmwe6WRO0tAzRUrRmNONWgkrew==
  /symbol-observable/1.2.0:
    dev: false
    engines:
      node: '>=0.10.0'
    resolution:
      integrity: sha512-e900nM8RRtGhlV36KGEU9k65K3mPb1WV70OdjfxlG2EAuM1noi/E/BaW/uMhL7bPEssK8QV57vN3esixjUvcXQ==
  /tiny-warning/1.0.3:
    dev: false
    resolution:
      integrity: sha512-lBN9zLN/oAf68o3zNXYrdCt1kP8WsiGW8Oo2ka41b2IM5JL/S1CTyX1rW0mb/zSuJun0ZUrDxx4sqvYS2FWzPA==
specifiers:
  '@material-ui/core': ^4.11.4
  '@material-ui/icons': ^4.11.2
